
Microsoft Visual Studio Solution File, Format Version 12.00
# Visual Studio Version 17
VisualStudioVersion = 17.14.37111.16
MinimumVisualStudioVersion = 10.0.40219.1
Project("{FAE04EC0-301F-11D3-BF4B-00C04F79EFBC}") = "SmsControl", "SmsControl\SmsControl.csproj", "{1470ACC5-27E0-4E7E-A581-3C01197675B2}"
EndProject
Project("{FAE04EC0-301F-11D3-BF4B-00C04F79EFBC}") = "Com Drive Net - Example", "Com Drive Net - Example\Com Drive Net - Example.csproj", "{7E4C357E-C8DA-4331-A149-49A889CFF52A}"
EndProject
Project("{FAE04EC0-301F-11D3-BF4B-00C04F79EFBC}") = "SmsControlTests", "SmsControlTests\SmsControlTests.csproj", "{97772372-2B09-4942-BC96-9D7175D37F1A}"
EndProject
Project("{54435603-DBB4-11D2-8724-00A0C9A8B90C}") = "SmsControlInstaller", "SmsControlInstaller\SmsControlInstaller.vdproj", "{DB5A6C72-EE4D-4259-B001-6DBD5D273165}"
EndProject
Global
	GlobalSection(SolutionConfigurationPlatforms) = preSolution
		Debug|Any CPU = Debug|Any CPU
		Release|Any CPU = Release|Any CPU
	EndGlobalSection
	GlobalSection(ProjectConfigurationPlatforms) = postSolution
		{1470ACC5-27E0-4E7E-A581-3C01197675B2}.Debug|Any CPU.ActiveCfg = Debug|Any CPU
		{1470ACC5-27E0-4E7E-A581-3C01197675B2}.Debug|Any CPU.Build.0 = Debug|Any CPU
		{1470ACC5-27E0-4E7E-A581-3C01197675B2}.Release|Any CPU.ActiveCfg = Release|Any CPU
		{1470ACC5-27E0-4E7E-A581-3C01197675B2}.Release|Any CPU.Build.0 = Release|Any CPU
		{7E4C357E-C8DA-4331-A149-49A889CFF52A}.Debug|Any CPU.ActiveCfg = Debug|Any CPU
		{7E4C357E-C8DA-4331-A149-49A889CFF52A}.Debug|Any CPU.Build.0 = Debug|Any CPU
		{7E4C357E-C8DA-4331-A149-49A889CFF52A}.Release|Any CPU.ActiveCfg = Release|Any CPU
		{7E4C357E-C8DA-4331-A149-49A889CFF52A}.Release|Any CPU.Build.0 = Release|Any CPU
		{97772372-2B09-4942-BC96-9D7175D37F1A}.Debug|Any CPU.ActiveCfg = Debug|Any CPU
		{97772372-2B09-4942-BC96-9D7175D37F1A}.Debug|Any CPU.Build.0 = Debug|Any CPU
		{97772372-2B09-4942-BC96-9D7175D37F1A}.Release|Any CPU.ActiveCfg = Release|Any CPU
		{97772372-2B09-4942-BC96-9D7175D37F1A}.Release|Any CPU.Build.0 = Release|Any CPU
		{DB5A6C72-EE4D-4259-B001-6DBD5D273165}.Debug|Any CPU.ActiveCfg = Debug
		{DB5A6C72-EE4D-4259-B001-6DBD5D273165}.Release|Any CPU.ActiveCfg = Release
	EndGlobalSection
	GlobalSection(SolutionProperties) = preSolution
		HideSolutionNode = FALSE
	EndGlobalSection
	GlobalSection(ExtensibilityGlobals) = postSolution
		SolutionGuid = {577E8976-84E7-47CD-AC99-E37D1E2FF547}
	EndGlobalSection
EndGlobal
